
Microsoft Visual Studio Solution File, Format Version 12.00
# Visual Studio Version 16
VisualStudioVersion = 16.0.30611.23
MinimumVisualStudioVersion = 10.0.40219.1
Project("{FAE04EC0-301F-11D3-BF4B-00C04F79EFBC}") = "ssh_brute", "ssh_brute\ssh_brute.csproj", "{779DD540-CDB9-43F6-A159-DC8D0E40D0A2}"
EndProject
Global
	GlobalSection(SolutionConfigurationPlatforms) = preSolution
		Debug|Any CPU = Debug|Any CPU
		Release|Any CPU = Release|Any CPU
	EndGlobalSection
	GlobalSection(ProjectConfigurationPlatforms) = postSolution
		{779DD540-CDB9-43F6-A159-DC8D0E40D0A2}.Debug|Any CPU.ActiveCfg = Debug|Any CPU
		{779DD540-CDB9-43F6-A159-DC8D0E40D0A2}.Debug|Any CPU.Build.0 = Debug|Any CPU
		{779DD540-CDB9-43F6-A159-DC8D0E40D0A2}.Release|Any CPU.ActiveCfg = Release|Any CPU
		{779DD540-CDB9-43F6-A159-DC8D0E40D0A2}.Release|Any CPU.Build.0 = Release|Any CPU
	EndGlobalSection
	GlobalSection(SolutionProperties) = preSolution
		HideSolutionNode = FALSE
	EndGlobalSection
	GlobalSection(ExtensibilityGlobals) = postSolution
		SolutionGuid = {CC884776-F9D0-4F46-8B7E-AC942116D9A9}
	EndGlobalSection
EndGlobal
